
Microsoft Visual Studio Solution File, Format Version 12.00
# Visual Studio Version 17
VisualStudioVersion = 17.11.35222.181
MinimumVisualStudioVersion = 10.0.40219.1
Project("{9A19103F-16F7-4668-BE54-9A1E7A4F7556}") = "SAVER_HSX_KRX", "SAVER_HSX_KRX\SAVER_HSX_KRX.csproj", "{E56BD658-5031-4397-862D-ECD20506A1F0}"
EndProject
Project("{2150E333-8FDC-42A3-9474-1A3956D46DE8}") = "LibNetCore_KRX", "LibNetCore_KRX", "{6C2F8ED7-6B95-4A64-8355-4CA939F2BD3C}"
EndProject
Project("{9A19103F-16F7-4668-BE54-9A1E7A4F7556}") = "CommonLib", "CommonLib\CommonLib.csproj", "{98304939-2A34-4B2B-9BFD-865247B1FE95}"
EndProject
Project("{2150E333-8FDC-42A3-9474-1A3956D46DE8}") = "Core_New", "Core_New", "{CBD48B4A-0A8C-4787-AC0B-1C6A2999B3C9}"
EndProject
Project("{9A19103F-16F7-4668-BE54-9A1E7A4F7556}") = "MDDSCore", "MDDSCore\MDDSCore.csproj", "{DF694133-FFA3-428D-8606-F524DA4587F2}"
EndProject
Project("{FAE04EC0-301F-11D3-BF4B-00C04F79EFBC}") = "SystemCore", "SystemCore\SystemCore.csproj", "{94095073-5D75-413A-8F0E-F3D179B4EDE7}"
EndProject
Project("{FAE04EC0-301F-11D3-BF4B-00C04F79EFBC}") = "MonitorCore", "MonitorCore\MonitorCore.csproj", "{A5622E9B-70B9-429D-8816-64FA364C0CF4}"
EndProject
Project("{FAE04EC0-301F-11D3-BF4B-00C04F79EFBC}") = "StockCore", "StockCore\StockCore.csproj", "{ABFDADAF-18C0-461A-A08A-9BDD8524A282}"
EndProject
Project("{FAE04EC0-301F-11D3-BF4B-00C04F79EFBC}") = "BaseBrokerLib", "BaseBrokerLib\BaseBrokerLib.csproj", "{018A5F85-F4F5-4DBB-B22B-72A6273E58D5}"
EndProject
Project("{FAE04EC0-301F-11D3-BF4B-00C04F79EFBC}") = "PriceLib", "PriceLib\PriceLib.csproj", "{A6C5433A-F9C8-4D7D-BAE2-D25482A9EECF}"
EndProject
Project("{FAE04EC0-301F-11D3-BF4B-00C04F79EFBC}") = "BaseOracleLib", "BaseOracleLib\BaseOracleLib.csproj", "{7D439144-033B-4832-B404-B199D83A7020}"
EndProject
Project("{FAE04EC0-301F-11D3-BF4B-00C04F79EFBC}") = "BaseSqlServerLib", "BaseSqlServerLib\BaseSqlServerLib.csproj", "{342617C5-23C5-4DFA-B157-C92AF8035313}"
EndProject
Project("{FAE04EC0-301F-11D3-BF4B-00C04F79EFBC}") = "SAVER_HSX_KRX_Lib", "SAVER_HSX_KRX_Lib\SAVER_HSX_KRX_Lib.csproj", "{8CD4FBA0-66C3-4C28-9153-1AD16A8B429E}"
EndProject
Global
	GlobalSection(SolutionConfigurationPlatforms) = preSolution
		Debug|Any CPU = Debug|Any CPU
		Release|Any CPU = Release|Any CPU
	EndGlobalSection
	GlobalSection(ProjectConfigurationPlatforms) = postSolution
		{E56BD658-5031-4397-862D-ECD20506A1F0}.Debug|Any CPU.ActiveCfg = Debug|Any CPU
		{E56BD658-5031-4397-862D-ECD20506A1F0}.Debug|Any CPU.Build.0 = Debug|Any CPU
		{E56BD658-5031-4397-862D-ECD20506A1F0}.Release|Any CPU.ActiveCfg = Release|Any CPU
		{E56BD658-5031-4397-862D-ECD20506A1F0}.Release|Any CPU.Build.0 = Release|Any CPU
		{98304939-2A34-4B2B-9BFD-865247B1FE95}.Debug|Any CPU.ActiveCfg = Debug|Any CPU
		{98304939-2A34-4B2B-9BFD-865247B1FE95}.Debug|Any CPU.Build.0 = Debug|Any CPU
		{98304939-2A34-4B2B-9BFD-865247B1FE95}.Release|Any CPU.ActiveCfg = Release|Any CPU
		{98304939-2A34-4B2B-9BFD-865247B1FE95}.Release|Any CPU.Build.0 = Release|Any CPU
		{DF694133-FFA3-428D-8606-F524DA4587F2}.Debug|Any CPU.ActiveCfg = Debug|Any CPU
		{DF694133-FFA3-428D-8606-F524DA4587F2}.Debug|Any CPU.Build.0 = Debug|Any CPU
		{DF694133-FFA3-428D-8606-F524DA4587F2}.Release|Any CPU.ActiveCfg = Release|Any CPU
		{DF694133-FFA3-428D-8606-F524DA4587F2}.Release|Any CPU.Build.0 = Release|Any CPU
		{94095073-5D75-413A-8F0E-F3D179B4EDE7}.Debug|Any CPU.ActiveCfg = Debug|Any CPU
		{94095073-5D75-413A-8F0E-F3D179B4EDE7}.Debug|Any CPU.Build.0 = Debug|Any CPU
		{94095073-5D75-413A-8F0E-F3D179B4EDE7}.Release|Any CPU.ActiveCfg = Release|Any CPU
		{94095073-5D75-413A-8F0E-F3D179B4EDE7}.Release|Any CPU.Build.0 = Release|Any CPU
		{A5622E9B-70B9-429D-8816-64FA364C0CF4}.Debug|Any CPU.ActiveCfg = Debug|Any CPU
		{A5622E9B-70B9-429D-8816-64FA364C0CF4}.Debug|Any CPU.Build.0 = Debug|Any CPU
		{A5622E9B-70B9-429D-8816-64FA364C0CF4}.Release|Any CPU.ActiveCfg = Release|Any CPU
		{A5622E9B-70B9-429D-8816-64FA364C0CF4}.Release|Any CPU.Build.0 = Release|Any CPU
		{ABFDADAF-18C0-461A-A08A-9BDD8524A282}.Debug|Any CPU.ActiveCfg = Debug|Any CPU
		{ABFDADAF-18C0-461A-A08A-9BDD8524A282}.Debug|Any CPU.Build.0 = Debug|Any CPU
		{ABFDADAF-18C0-461A-A08A-9BDD8524A282}.Release|Any CPU.ActiveCfg = Release|Any CPU
		{ABFDADAF-18C0-461A-A08A-9BDD8524A282}.Release|Any CPU.Build.0 = Release|Any CPU
		{018A5F85-F4F5-4DBB-B22B-72A6273E58D5}.Debug|Any CPU.ActiveCfg = Debug|Any CPU
		{018A5F85-F4F5-4DBB-B22B-72A6273E58D5}.Debug|Any CPU.Build.0 = Debug|Any CPU
		{018A5F85-F4F5-4DBB-B22B-72A6273E58D5}.Release|Any CPU.ActiveCfg = Release|Any CPU
		{018A5F85-F4F5-4DBB-B22B-72A6273E58D5}.Release|Any CPU.Build.0 = Release|Any CPU
		{A6C5433A-F9C8-4D7D-BAE2-D25482A9EECF}.Debug|Any CPU.ActiveCfg = Debug|Any CPU
		{A6C5433A-F9C8-4D7D-BAE2-D25482A9EECF}.Debug|Any CPU.Build.0 = Debug|Any CPU
		{A6C5433A-F9C8-4D7D-BAE2-D25482A9EECF}.Release|Any CPU.ActiveCfg = Release|Any CPU
		{A6C5433A-F9C8-4D7D-BAE2-D25482A9EECF}.Release|Any CPU.Build.0 = Release|Any CPU
		{7D439144-033B-4832-B404-B199D83A7020}.Debug|Any CPU.ActiveCfg = Debug|Any CPU
		{7D439144-033B-4832-B404-B199D83A7020}.Debug|Any CPU.Build.0 = Debug|Any CPU
		{7D439144-033B-4832-B404-B199D83A7020}.Release|Any CPU.ActiveCfg = Release|Any CPU
		{7D439144-033B-4832-B404-B199D83A7020}.Release|Any CPU.Build.0 = Release|Any CPU
		{342617C5-23C5-4DFA-B157-C92AF8035313}.Debug|Any CPU.ActiveCfg = Debug|Any CPU
		{342617C5-23C5-4DFA-B157-C92AF8035313}.Debug|Any CPU.Build.0 = Debug|Any CPU
		{342617C5-23C5-4DFA-B157-C92AF8035313}.Release|Any CPU.ActiveCfg = Release|Any CPU
		{342617C5-23C5-4DFA-B157-C92AF8035313}.Release|Any CPU.Build.0 = Release|Any CPU
		{8CD4FBA0-66C3-4C28-9153-1AD16A8B429E}.Debug|Any CPU.ActiveCfg = Debug|Any CPU
		{8CD4FBA0-66C3-4C28-9153-1AD16A8B429E}.Debug|Any CPU.Build.0 = Debug|Any CPU
		{8CD4FBA0-66C3-4C28-9153-1AD16A8B429E}.Release|Any CPU.ActiveCfg = Release|Any CPU
		{8CD4FBA0-66C3-4C28-9153-1AD16A8B429E}.Release|Any CPU.Build.0 = Release|Any CPU
	EndGlobalSection
	GlobalSection(SolutionProperties) = preSolution
		HideSolutionNode = FALSE
	EndGlobalSection
	GlobalSection(NestedProjects) = preSolution
		{98304939-2A34-4B2B-9BFD-865247B1FE95} = {6C2F8ED7-6B95-4A64-8355-4CA939F2BD3C}
		{DF694133-FFA3-428D-8606-F524DA4587F2} = {CBD48B4A-0A8C-4787-AC0B-1C6A2999B3C9}
		{94095073-5D75-413A-8F0E-F3D179B4EDE7} = {CBD48B4A-0A8C-4787-AC0B-1C6A2999B3C9}
		{A5622E9B-70B9-429D-8816-64FA364C0CF4} = {CBD48B4A-0A8C-4787-AC0B-1C6A2999B3C9}
		{ABFDADAF-18C0-461A-A08A-9BDD8524A282} = {CBD48B4A-0A8C-4787-AC0B-1C6A2999B3C9}
		{018A5F85-F4F5-4DBB-B22B-72A6273E58D5} = {6C2F8ED7-6B95-4A64-8355-4CA939F2BD3C}
		{A6C5433A-F9C8-4D7D-BAE2-D25482A9EECF} = {6C2F8ED7-6B95-4A64-8355-4CA939F2BD3C}
		{7D439144-033B-4832-B404-B199D83A7020} = {6C2F8ED7-6B95-4A64-8355-4CA939F2BD3C}
		{342617C5-23C5-4DFA-B157-C92AF8035313} = {6C2F8ED7-6B95-4A64-8355-4CA939F2BD3C}
	EndGlobalSection
	GlobalSection(ExtensibilityGlobals) = postSolution
		SolutionGuid = {A16FD627-D371-4184-B0D7-67695A6EBCC6}
	EndGlobalSection
EndGlobal
